
Microsoft Visual Studio Solution File, Format Version 12.00
# Visual Studio Version 16
VisualStudioVersion = 16.0.30907.101
MinimumVisualStudioVersion = 10.0.40219.1
Project("{FAE04EC0-301F-11D3-BF4B-00C04F79EFBC}") = "AllegroDotNet.Sandbox", "AllegroDotNet.Sandbox\AllegroDotNet.Sandbox.csproj", "{986E40E1-5B6D-487E-B91D-CC6C318EDEE7}"
EndProject
Project("{FAE04EC0-301F-11D3-BF4B-00C04F79EFBC}") = "AllegroDotNet.Models", "AllegroDotNet.Models\AllegroDotNet.Models.csproj", "{18DDC7F3-58C4-491F-9F41-CA942054553F}"
EndProject
Global
	GlobalSection(SolutionConfigurationPlatforms) = preSolution
		Debug|Any CPU = Debug|Any CPU
		Release|Any CPU = Release|Any CPU
	EndGlobalSection
	GlobalSection(ProjectConfigurationPlatforms) = postSolution
		{986E40E1-5B6D-487E-B91D-CC6C318EDEE7}.Debug|Any CPU.ActiveCfg = Debug|Any CPU
		{986E40E1-5B6D-487E-B91D-CC6C318EDEE7}.Debug|Any CPU.Build.0 = Debug|Any CPU
		{986E40E1-5B6D-487E-B91D-CC6C318EDEE7}.Release|Any CPU.ActiveCfg = Release|Any CPU
		{986E40E1-5B6D-487E-B91D-CC6C318EDEE7}.Release|Any CPU.Build.0 = Release|Any CPU
		{18DDC7F3-58C4-491F-9F41-CA942054553F}.Debug|Any CPU.ActiveCfg = Debug|Any CPU
		{18DDC7F3-58C4-491F-9F41-CA942054553F}.Debug|Any CPU.Build.0 = Debug|Any CPU
		{18DDC7F3-58C4-491F-9F41-CA942054553F}.Release|Any CPU.ActiveCfg = Release|Any CPU
		{18DDC7F3-58C4-491F-9F41-CA942054553F}.Release|Any CPU.Build.0 = Release|Any CPU
	EndGlobalSection
	GlobalSection(SolutionProperties) = preSolution
		HideSolutionNode = FALSE
	EndGlobalSection
	GlobalSection(ExtensibilityGlobals) = postSolution
		SolutionGuid = {A980F2A6-5CA5-428F-9DFE-86489E14624B}
	EndGlobalSection
EndGlobal
