
Microsoft Visual Studio Solution File, Format Version 12.00
# Visual Studio Version 16
VisualStudioVersion = 16.0.30907.101
MinimumVisualStudioVersion = 10.0.40219.1
Project("{8BC9CEB8-8B4A-11D0-8D11-00A0C91BC942}") = "AllegroDotNet.Wrapper", "AllegroDotNet.Wrapper\AllegroDotNet.Wrapper.vcxproj", "{CE24A822-3986-41CA-A452-4784FF70AE13}"
EndProject
Project("{FAE04EC0-301F-11D3-BF4B-00C04F79EFBC}") = "AllegroDotNet.Sandbox", "AllegroDotNet.Sandbox\AllegroDotNet.Sandbox.csproj", "{6260E801-3C0D-40B5-92ED-BD7BF6D1F892}"
EndProject
Global
	GlobalSection(SolutionConfigurationPlatforms) = preSolution
		Debug|x64 = Debug|x64
		Release|x64 = Release|x64
	EndGlobalSection
	GlobalSection(ProjectConfigurationPlatforms) = postSolution
		{CE24A822-3986-41CA-A452-4784FF70AE13}.Debug|x64.ActiveCfg = Release|x64
		{CE24A822-3986-41CA-A452-4784FF70AE13}.Debug|x64.Build.0 = Release|x64
		{CE24A822-3986-41CA-A452-4784FF70AE13}.Release|x64.ActiveCfg = Release|x64
		{CE24A822-3986-41CA-A452-4784FF70AE13}.Release|x64.Build.0 = Release|x64
		{6260E801-3C0D-40B5-92ED-BD7BF6D1F892}.Debug|x64.ActiveCfg = Debug|x64
		{6260E801-3C0D-40B5-92ED-BD7BF6D1F892}.Debug|x64.Build.0 = Debug|x64
		{6260E801-3C0D-40B5-92ED-BD7BF6D1F892}.Release|x64.ActiveCfg = Release|x64
		{6260E801-3C0D-40B5-92ED-BD7BF6D1F892}.Release|x64.Build.0 = Release|x64
	EndGlobalSection
	GlobalSection(SolutionProperties) = preSolution
		HideSolutionNode = FALSE
	EndGlobalSection
	GlobalSection(ExtensibilityGlobals) = postSolution
		SolutionGuid = {A980F2A6-5CA5-428F-9DFE-86489E14624B}
	EndGlobalSection
EndGlobal
