<?xml version="1.0" encoding="utf-8"?>
<Project ToolsVersion="4.0" xmlns="http://schemas.microsoft.com/developer/msbuild/2003">
  <ItemGroup>
    <Filter Include="Source Files">
      <UniqueIdentifier>{4FC737F1-C7A5-4376-A066-2A32D752A2FF}</UniqueIdentifier>
      <Extensions>cpp;c;cc;cxx;c++;cppm;ixx;def;odl;idl;hpj;bat;asm;asmx</Extensions>
    </Filter>
    <Filter Include="Resource Files">
      <UniqueIdentifier>{67DA6AB6-F800-4c08-8B7A-83BB121AAD01}</UniqueIdentifier>
      <Extensions>rc;ico;cur;bmp;dlg;rc2;rct;bin;rgs;gif;jpg;jpeg;jpe;resx;tiff;tif;png;wav;mfcribbon-ms</Extensions>
    </Filter>
    <Filter Include="Source Files\Models">
      <UniqueIdentifier>{3a3be267-5964-4124-b4f4-de642b86f880}</UniqueIdentifier>
    </Filter>
    <Filter Include="Source Files\Enums">
      <UniqueIdentifier>{9b3bdef8-0f52-4983-ac97-6c89aa7e2e15}</UniqueIdentifier>
    </Filter>
    <Filter Include="Source Files\Native">
      <UniqueIdentifier>{4ee9590b-9cd4-4097-a2b7-92eba1ba9f4c}</UniqueIdentifier>
    </Filter>
    <Filter Include="Source Files\Models\Events">
      <UniqueIdentifier>{5b5d4844-b509-4fc9-95cb-c97f2ad8c609}</UniqueIdentifier>
    </Filter>
    <Filter Include="Source Files\Models\Joysticks">
      <UniqueIdentifier>{2022c73f-cc5d-4118-b8b3-e415797b0a7f}</UniqueIdentifier>
    </Filter>
  </ItemGroup>
  <ItemGroup>
    <ClCompile Include="src\PCH.cpp">
      <Filter>Source Files</Filter>
    </ClCompile>
    <ClCompile Include="src\AlNativeSystem.cpp">
      <Filter>Source Files\Native</Filter>
    </ClCompile>
    <ClCompile Include="src\AlSystem.cpp">
      <Filter>Source Files</Filter>
    </ClCompile>
    <ClCompile Include="src\AlEvent.cpp">
      <Filter>Source Files</Filter>
    </ClCompile>
    <ClCompile Include="src\AlTimer.cpp">
      <Filter>Source Files</Filter>
    </ClCompile>
    <ClCompile Include="src\AlDisplay.cpp">
      <Filter>Source Files</Filter>
    </ClCompile>
    <ClCompile Include="src\AlConfig.cpp">
      <Filter>Source Files</Filter>
    </ClCompile>
    <ClCompile Include="src\AlKeyboard.cpp">
      <Filter>Source Files</Filter>
    </ClCompile>
  </ItemGroup>
  <ItemGroup>
    <ClInclude Include="src\PCH.h">
      <Filter>Source Files</Filter>
    </ClInclude>
    <ClInclude Include="src\AllegroPath.h">
      <Filter>Source Files\Models</Filter>
    </ClInclude>
    <ClInclude Include="src\StandardPath.h">
      <Filter>Source Files\Enums</Filter>
    </ClInclude>
    <ClInclude Include="src\AllegroConfig.h">
      <Filter>Source Files\Models</Filter>
    </ClInclude>
    <ClInclude Include="src\SystemID.h">
      <Filter>Source Files\Enums</Filter>
    </ClInclude>
    <ClInclude Include="src\AlNative.h">
      <Filter>Source Files\Native</Filter>
    </ClInclude>
    <ClInclude Include="src\Al.h">
      <Filter>Source Files</Filter>
    </ClInclude>
    <ClInclude Include="src\AllegroDisplay.h">
      <Filter>Source Files\Models</Filter>
    </ClInclude>
    <ClInclude Include="src\AllegroBitmap.h">
      <Filter>Source Files\Models</Filter>
    </ClInclude>
    <ClInclude Include="src\AllegroKeyboardState.h">
      <Filter>Source Files\Models</Filter>
    </ClInclude>
    <ClInclude Include="src\NativePointer.h">
      <Filter>Source Files\Models</Filter>
    </ClInclude>
    <ClInclude Include="src\NativeDisposableStruct.h">
      <Filter>Source Files\Models</Filter>
    </ClInclude>
    <ClInclude Include="src\DisplayFlags.h">
      <Filter>Source Files\Enums</Filter>
    </ClInclude>
    <ClInclude Include="src\DisplayOption.h">
      <Filter>Source Files\Enums</Filter>
    </ClInclude>
    <ClInclude Include="src\DisplayOrientation.h">
      <Filter>Source Files\Enums</Filter>
    </ClInclude>
    <ClInclude Include="src\AllegroEvent.h">
      <Filter>Source Files\Models</Filter>
    </ClInclude>
    <ClInclude Include="src\EventType.h">
      <Filter>Source Files\Enums</Filter>
    </ClInclude>
    <ClInclude Include="src\KeyCode.h">
      <Filter>Source Files\Enums</Filter>
    </ClInclude>
    <ClInclude Include="src\Any.h">
      <Filter>Source Files\Models\Events</Filter>
    </ClInclude>
    <ClInclude Include="src\AllegroEventSource.h">
      <Filter>Source Files\Models</Filter>
    </ClInclude>
    <ClInclude Include="src\Display.h">
      <Filter>Source Files\Models\Events</Filter>
    </ClInclude>
    <ClInclude Include="src\Joystick.h">
      <Filter>Source Files\Models\Events</Filter>
    </ClInclude>
    <ClInclude Include="src\Keyboard.h">
      <Filter>Source Files\Models\Events</Filter>
    </ClInclude>
    <ClInclude Include="src\Mouse.h">
      <Filter>Source Files\Models\Events</Filter>
    </ClInclude>
    <ClInclude Include="src\Timer.h">
      <Filter>Source Files\Models\Events</Filter>
    </ClInclude>
    <ClInclude Include="src\Touch.h">
      <Filter>Source Files\Models\Events</Filter>
    </ClInclude>
    <ClInclude Include="src\AllegroJoystick.h">
      <Filter>Source Files\Models</Filter>
    </ClInclude>
    <ClInclude Include="src\AllegroTimer.h">
      <Filter>Source Files\Models</Filter>
    </ClInclude>
    <ClInclude Include="src\KeyModFlags.h">
      <Filter>Source Files\Enums</Filter>
    </ClInclude>
    <ClInclude Include="src\AllegroEventQueue.h">
      <Filter>Source Files\Models</Filter>
    </ClInclude>
    <ClInclude Include="src\AllegroTimeout.h">
      <Filter>Source Files\Models</Filter>
    </ClInclude>
    <ClInclude Include="src\AllegroUserEvent.h">
      <Filter>Source Files\Models\Events</Filter>
    </ClInclude>
    <ClInclude Include="src\AllegroThread.h">
      <Filter>Source Files\Models</Filter>
    </ClInclude>
    <ClInclude Include="src\AllegroMutex.h">
      <Filter>Source Files\Models</Filter>
    </ClInclude>
    <ClInclude Include="src\AllegroCond.h">
      <Filter>Source Files\Models</Filter>
    </ClInclude>
    <ClInclude Include="src\Importance.h">
      <Filter>Source Files\Enums</Filter>
    </ClInclude>
    <ClInclude Include="src\PixelFormat.h">
      <Filter>Source Files\Enums</Filter>
    </ClInclude>
    <ClInclude Include="src\AllegroConfigSection.h">
      <Filter>Source Files\Models</Filter>
    </ClInclude>
    <ClInclude Include="src\AllegroConfigEntry.h">
      <Filter>Source Files\Models</Filter>
    </ClInclude>
    <ClInclude Include="src\AllegroFile.h">
      <Filter>Source Files\Models</Filter>
    </ClInclude>
    <ClInclude Include="src\JoyFlags.h">
      <Filter>Source Files\Enums</Filter>
    </ClInclude>
    <ClInclude Include="src\AllegroJoystickState.h">
      <Filter>Source Files\Models</Filter>
    </ClInclude>
    <ClInclude Include="src\Button.h">
      <Filter>Source Files\Models\Joysticks</Filter>
    </ClInclude>
    <ClInclude Include="src\StickAxis.h">
      <Filter>Source Files\Models\Joysticks</Filter>
    </ClInclude>
  </ItemGroup>
</Project>