
Microsoft Visual Studio Solution File, Format Version 12.00
# Visual Studio Version 17
VisualStudioVersion = 17.0.32112.339
MinimumVisualStudioVersion = 10.0.40219.1
Project("{9A19103F-16F7-4668-BE54-9A1E7A4F7556}") = "AllegroDotNet", "AllegroDotNet\AllegroDotNet.csproj", "{774941EB-9DB8-46C4-AB08-0234AAE1E2FF}"
EndProject
Project("{9A19103F-16F7-4668-BE54-9A1E7A4F7556}") = "AllegroDotNet.Sandbox", "AllegroDotNet.Sandbox\AllegroDotNet.Sandbox.csproj", "{C4685ABD-7DEB-451E-B17F-23439B05AA45}"
EndProject
Project("{9A19103F-16F7-4668-BE54-9A1E7A4F7556}") = "AllegroDotNet.Extensions", "AllegroDotNet.Extensions\AllegroDotNet.Extensions.csproj", "{AFBBED73-79FC-4B42-AA1F-51692DC652B4}"
EndProject
Project("{2150E333-8FDC-42A3-9474-1A3956D46DE8}") = "Examples", "Examples", "{CA580521-CCBC-46FA-A001-49A95A3CCDC5}"
EndProject
Project("{9A19103F-16F7-4668-BE54-9A1E7A4F7556}") = "Ex.Common", "Examples\Ex.Common\Ex.Common.csproj", "{12699B04-4E54-4B93-835C-AA5F0A55BCE6}"
EndProject
Project("{9A19103F-16F7-4668-BE54-9A1E7A4F7556}") = "Ex.Projection2", "Examples\Ex.Projection2\Ex.Projection2.csproj", "{8962F3FA-208C-4816-8CB7-4DE1181DAC2B}"
EndProject
Project("{9A19103F-16F7-4668-BE54-9A1E7A4F7556}") = "Ex.Camera", "Examples\Ex.Camera\Ex.Camera.csproj", "{0E442A2A-E3C2-43B0-BF82-F6CB7D72ED50}"
EndProject
Global
	GlobalSection(SolutionConfigurationPlatforms) = preSolution
		Debug|Any CPU = Debug|Any CPU
		Debug|x64 = Debug|x64
		Debug|x86 = Debug|x86
		Release|Any CPU = Release|Any CPU
		Release|x64 = Release|x64
		Release|x86 = Release|x86
	EndGlobalSection
	GlobalSection(ProjectConfigurationPlatforms) = postSolution
		{774941EB-9DB8-46C4-AB08-0234AAE1E2FF}.Debug|Any CPU.ActiveCfg = Debug|x64
		{774941EB-9DB8-46C4-AB08-0234AAE1E2FF}.Debug|Any CPU.Build.0 = Debug|x64
		{774941EB-9DB8-46C4-AB08-0234AAE1E2FF}.Debug|x64.ActiveCfg = Debug|x64
		{774941EB-9DB8-46C4-AB08-0234AAE1E2FF}.Debug|x64.Build.0 = Debug|x64
		{774941EB-9DB8-46C4-AB08-0234AAE1E2FF}.Debug|x86.ActiveCfg = Debug|x86
		{774941EB-9DB8-46C4-AB08-0234AAE1E2FF}.Debug|x86.Build.0 = Debug|x86
		{774941EB-9DB8-46C4-AB08-0234AAE1E2FF}.Release|Any CPU.ActiveCfg = Release|x64
		{774941EB-9DB8-46C4-AB08-0234AAE1E2FF}.Release|Any CPU.Build.0 = Release|x64
		{774941EB-9DB8-46C4-AB08-0234AAE1E2FF}.Release|x64.ActiveCfg = Release|x64
		{774941EB-9DB8-46C4-AB08-0234AAE1E2FF}.Release|x64.Build.0 = Release|x64
		{774941EB-9DB8-46C4-AB08-0234AAE1E2FF}.Release|x86.ActiveCfg = Release|x86
		{774941EB-9DB8-46C4-AB08-0234AAE1E2FF}.Release|x86.Build.0 = Release|x86
		{C4685ABD-7DEB-451E-B17F-23439B05AA45}.Debug|Any CPU.ActiveCfg = Debug|x64
		{C4685ABD-7DEB-451E-B17F-23439B05AA45}.Debug|Any CPU.Build.0 = Debug|x64
		{C4685ABD-7DEB-451E-B17F-23439B05AA45}.Debug|x64.ActiveCfg = Debug|x64
		{C4685ABD-7DEB-451E-B17F-23439B05AA45}.Debug|x64.Build.0 = Debug|x64
		{C4685ABD-7DEB-451E-B17F-23439B05AA45}.Debug|x86.ActiveCfg = Debug|x86
		{C4685ABD-7DEB-451E-B17F-23439B05AA45}.Debug|x86.Build.0 = Debug|x86
		{C4685ABD-7DEB-451E-B17F-23439B05AA45}.Release|Any CPU.ActiveCfg = Release|x64
		{C4685ABD-7DEB-451E-B17F-23439B05AA45}.Release|Any CPU.Build.0 = Release|x64
		{C4685ABD-7DEB-451E-B17F-23439B05AA45}.Release|x64.ActiveCfg = Release|x64
		{C4685ABD-7DEB-451E-B17F-23439B05AA45}.Release|x64.Build.0 = Release|x64
		{C4685ABD-7DEB-451E-B17F-23439B05AA45}.Release|x86.ActiveCfg = Release|x64
		{C4685ABD-7DEB-451E-B17F-23439B05AA45}.Release|x86.Build.0 = Release|x64
		{AFBBED73-79FC-4B42-AA1F-51692DC652B4}.Debug|Any CPU.ActiveCfg = Debug|x64
		{AFBBED73-79FC-4B42-AA1F-51692DC652B4}.Debug|Any CPU.Build.0 = Debug|x64
		{AFBBED73-79FC-4B42-AA1F-51692DC652B4}.Debug|x64.ActiveCfg = Debug|x64
		{AFBBED73-79FC-4B42-AA1F-51692DC652B4}.Debug|x64.Build.0 = Debug|x64
		{AFBBED73-79FC-4B42-AA1F-51692DC652B4}.Debug|x86.ActiveCfg = Debug|x64
		{AFBBED73-79FC-4B42-AA1F-51692DC652B4}.Debug|x86.Build.0 = Debug|x64
		{AFBBED73-79FC-4B42-AA1F-51692DC652B4}.Release|Any CPU.ActiveCfg = Release|x64
		{AFBBED73-79FC-4B42-AA1F-51692DC652B4}.Release|Any CPU.Build.0 = Release|x64
		{AFBBED73-79FC-4B42-AA1F-51692DC652B4}.Release|x64.ActiveCfg = Release|x64
		{AFBBED73-79FC-4B42-AA1F-51692DC652B4}.Release|x64.Build.0 = Release|x64
		{AFBBED73-79FC-4B42-AA1F-51692DC652B4}.Release|x86.ActiveCfg = Release|x64
		{AFBBED73-79FC-4B42-AA1F-51692DC652B4}.Release|x86.Build.0 = Release|x64
		{12699B04-4E54-4B93-835C-AA5F0A55BCE6}.Debug|Any CPU.ActiveCfg = Debug|x64
		{12699B04-4E54-4B93-835C-AA5F0A55BCE6}.Debug|Any CPU.Build.0 = Debug|x64
		{12699B04-4E54-4B93-835C-AA5F0A55BCE6}.Debug|x64.ActiveCfg = Debug|x64
		{12699B04-4E54-4B93-835C-AA5F0A55BCE6}.Debug|x64.Build.0 = Debug|x64
		{12699B04-4E54-4B93-835C-AA5F0A55BCE6}.Debug|x86.ActiveCfg = Debug|x64
		{12699B04-4E54-4B93-835C-AA5F0A55BCE6}.Debug|x86.Build.0 = Debug|x64
		{12699B04-4E54-4B93-835C-AA5F0A55BCE6}.Release|Any CPU.ActiveCfg = Release|x64
		{12699B04-4E54-4B93-835C-AA5F0A55BCE6}.Release|Any CPU.Build.0 = Release|x64
		{12699B04-4E54-4B93-835C-AA5F0A55BCE6}.Release|x64.ActiveCfg = Release|x64
		{12699B04-4E54-4B93-835C-AA5F0A55BCE6}.Release|x64.Build.0 = Release|x64
		{12699B04-4E54-4B93-835C-AA5F0A55BCE6}.Release|x86.ActiveCfg = Release|x64
		{12699B04-4E54-4B93-835C-AA5F0A55BCE6}.Release|x86.Build.0 = Release|x64
		{8962F3FA-208C-4816-8CB7-4DE1181DAC2B}.Debug|Any CPU.ActiveCfg = Debug|x64
		{8962F3FA-208C-4816-8CB7-4DE1181DAC2B}.Debug|Any CPU.Build.0 = Debug|x64
		{8962F3FA-208C-4816-8CB7-4DE1181DAC2B}.Debug|x64.ActiveCfg = Debug|x64
		{8962F3FA-208C-4816-8CB7-4DE1181DAC2B}.Debug|x64.Build.0 = Debug|x64
		{8962F3FA-208C-4816-8CB7-4DE1181DAC2B}.Debug|x86.ActiveCfg = Debug|x64
		{8962F3FA-208C-4816-8CB7-4DE1181DAC2B}.Debug|x86.Build.0 = Debug|x64
		{8962F3FA-208C-4816-8CB7-4DE1181DAC2B}.Release|Any CPU.ActiveCfg = Release|x64
		{8962F3FA-208C-4816-8CB7-4DE1181DAC2B}.Release|Any CPU.Build.0 = Release|x64
		{8962F3FA-208C-4816-8CB7-4DE1181DAC2B}.Release|x64.ActiveCfg = Release|x64
		{8962F3FA-208C-4816-8CB7-4DE1181DAC2B}.Release|x64.Build.0 = Release|x64
		{8962F3FA-208C-4816-8CB7-4DE1181DAC2B}.Release|x86.ActiveCfg = Release|x64
		{8962F3FA-208C-4816-8CB7-4DE1181DAC2B}.Release|x86.Build.0 = Release|x64
		{0E442A2A-E3C2-43B0-BF82-F6CB7D72ED50}.Debug|Any CPU.ActiveCfg = Debug|x64
		{0E442A2A-E3C2-43B0-BF82-F6CB7D72ED50}.Debug|x64.ActiveCfg = Debug|x64
		{0E442A2A-E3C2-43B0-BF82-F6CB7D72ED50}.Debug|x64.Build.0 = Debug|x64
		{0E442A2A-E3C2-43B0-BF82-F6CB7D72ED50}.Debug|x86.ActiveCfg = Debug|x64
		{0E442A2A-E3C2-43B0-BF82-F6CB7D72ED50}.Release|Any CPU.ActiveCfg = Release|x64
		{0E442A2A-E3C2-43B0-BF82-F6CB7D72ED50}.Release|x64.ActiveCfg = Release|x64
		{0E442A2A-E3C2-43B0-BF82-F6CB7D72ED50}.Release|x86.ActiveCfg = Release|x64
	EndGlobalSection
	GlobalSection(SolutionProperties) = preSolution
		HideSolutionNode = FALSE
	EndGlobalSection
	GlobalSection(NestedProjects) = preSolution
		{12699B04-4E54-4B93-835C-AA5F0A55BCE6} = {CA580521-CCBC-46FA-A001-49A95A3CCDC5}
		{8962F3FA-208C-4816-8CB7-4DE1181DAC2B} = {CA580521-CCBC-46FA-A001-49A95A3CCDC5}
		{0E442A2A-E3C2-43B0-BF82-F6CB7D72ED50} = {CA580521-CCBC-46FA-A001-49A95A3CCDC5}
	EndGlobalSection
	GlobalSection(ExtensibilityGlobals) = postSolution
		SolutionGuid = {B8EA4FA4-FE3D-468B-ADA2-72DA6B5A9A82}
	EndGlobalSection
EndGlobal
